
Microsoft Visual Studio Solution File, Format Version 12.00
# Visual Studio Version 17
VisualStudioVersion = 17.9.34728.123
MinimumVisualStudioVersion = 10.0.40219.1
Project("{FAE04EC0-301F-11D3-BF4B-00C04F79EFBC}") = "Sistema De Deposito Bancario", "Sistema De Deposito Bancario\Sistema De Deposito Bancario.csproj", "{652EBF28-059C-4F87-A47D-38920188BBCE}"
EndProject
Global
	GlobalSection(SolutionConfigurationPlatforms) = preSolution
		Debug|Any CPU = Debug|Any CPU
		Release|Any CPU = Release|Any CPU
	EndGlobalSection
	GlobalSection(ProjectConfigurationPlatforms) = postSolution
		{652EBF28-059C-4F87-A47D-38920188BBCE}.Debug|Any CPU.ActiveCfg = Debug|Any CPU
		{652EBF28-059C-4F87-A47D-38920188BBCE}.Debug|Any CPU.Build.0 = Debug|Any CPU
		{652EBF28-059C-4F87-A47D-38920188BBCE}.Release|Any CPU.ActiveCfg = Release|Any CPU
		{652EBF28-059C-4F87-A47D-38920188BBCE}.Release|Any CPU.Build.0 = Release|Any CPU
	EndGlobalSection
	GlobalSection(SolutionProperties) = preSolution
		HideSolutionNode = FALSE
	EndGlobalSection
	GlobalSection(ExtensibilityGlobals) = postSolution
		SolutionGuid = {7A30568F-CED9-4512-8FDA-5F45CB328AFD}
	EndGlobalSection
EndGlobal
